
Microsoft Visual Studio Solution File, Format Version 12.00
# Visual Studio Version 16
VisualStudioVersion = 16.0.29905.134
MinimumVisualStudioVersion = 10.0.40219.1
Project("{FAE04EC0-301F-11D3-BF4B-00C04F79EFBC}") = "depox.Core", "depox\src\depox.Core\depox.Core.csproj", "{ED629574-DB59-47C4-9B6C-DD09DC2BDAE0}"
EndProject
Project("{FAE04EC0-301F-11D3-BF4B-00C04F79EFBC}") = "depox.Infrastructure", "depox\src\depox.Infrastructure\depox.Infrastructure.csproj", "{C8FF0070-3DAF-4A2D-ACA3-0FFC432A07B1}"
EndProject
Project("{FAE04EC0-301F-11D3-BF4B-00C04F79EFBC}") = "depox.SharedKernel", "depox\src\depox.SharedKernel\depox.SharedKernel.csproj", "{C3A197EA-F2B0-4B20-A7EE-552384695460}"
EndProject
Project("{FAE04EC0-301F-11D3-BF4B-00C04F79EFBC}") = "depox.Web", "depox\src\depox.Web\depox.Web.csproj", "{2B33601F-BE68-4428-A159-02E4A8714250}"
EndProject
Project("{FAE04EC0-301F-11D3-BF4B-00C04F79EFBC}") = "depox.UnitTests", "depox\tests\depox.UnitTests\depox.UnitTests.csproj", "{5B1E2730-491A-4436-A6FA-11D55DE23F0D}"
EndProject
Project("{FAE04EC0-301F-11D3-BF4B-00C04F79EFBC}") = "depox.IntegrationTests", "depox\tests\depox.IntegrationTests\depox.IntegrationTests.csproj", "{7CF0AEB1-7D02-4C74-895C-B4F321900E95}"
EndProject
Project("{FAE04EC0-301F-11D3-BF4B-00C04F79EFBC}") = "depox.FunctionalTests", "depox\tests\depox.FunctionalTests\depox.FunctionalTests.csproj", "{E385DA83-0630-4C02-A217-A2A293A7E300}"
EndProject
Global
	GlobalSection(SolutionConfigurationPlatforms) = preSolution
		Debug|Any CPU = Debug|Any CPU
		Release|Any CPU = Release|Any CPU
	EndGlobalSection
	GlobalSection(ProjectConfigurationPlatforms) = postSolution
		{ED629574-DB59-47C4-9B6C-DD09DC2BDAE0}.Debug|Any CPU.ActiveCfg = Debug|Any CPU
		{ED629574-DB59-47C4-9B6C-DD09DC2BDAE0}.Debug|Any CPU.Build.0 = Debug|Any CPU
		{ED629574-DB59-47C4-9B6C-DD09DC2BDAE0}.Release|Any CPU.ActiveCfg = Release|Any CPU
		{ED629574-DB59-47C4-9B6C-DD09DC2BDAE0}.Release|Any CPU.Build.0 = Release|Any CPU
		{C8FF0070-3DAF-4A2D-ACA3-0FFC432A07B1}.Debug|Any CPU.ActiveCfg = Debug|Any CPU
		{C8FF0070-3DAF-4A2D-ACA3-0FFC432A07B1}.Debug|Any CPU.Build.0 = Debug|Any CPU
		{C8FF0070-3DAF-4A2D-ACA3-0FFC432A07B1}.Release|Any CPU.ActiveCfg = Release|Any CPU
		{C8FF0070-3DAF-4A2D-ACA3-0FFC432A07B1}.Release|Any CPU.Build.0 = Release|Any CPU
		{C3A197EA-F2B0-4B20-A7EE-552384695460}.Debug|Any CPU.ActiveCfg = Debug|Any CPU
		{C3A197EA-F2B0-4B20-A7EE-552384695460}.Debug|Any CPU.Build.0 = Debug|Any CPU
		{C3A197EA-F2B0-4B20-A7EE-552384695460}.Release|Any CPU.ActiveCfg = Release|Any CPU
		{C3A197EA-F2B0-4B20-A7EE-552384695460}.Release|Any CPU.Build.0 = Release|Any CPU
		{2B33601F-BE68-4428-A159-02E4A8714250}.Debug|Any CPU.ActiveCfg = Debug|Any CPU
		{2B33601F-BE68-4428-A159-02E4A8714250}.Debug|Any CPU.Build.0 = Debug|Any CPU
		{2B33601F-BE68-4428-A159-02E4A8714250}.Release|Any CPU.ActiveCfg = Release|Any CPU
		{2B33601F-BE68-4428-A159-02E4A8714250}.Release|Any CPU.Build.0 = Release|Any CPU
		{5B1E2730-491A-4436-A6FA-11D55DE23F0D}.Debug|Any CPU.ActiveCfg = Debug|Any CPU
		{5B1E2730-491A-4436-A6FA-11D55DE23F0D}.Debug|Any CPU.Build.0 = Debug|Any CPU
		{5B1E2730-491A-4436-A6FA-11D55DE23F0D}.Release|Any CPU.ActiveCfg = Release|Any CPU
		{5B1E2730-491A-4436-A6FA-11D55DE23F0D}.Release|Any CPU.Build.0 = Release|Any CPU
		{7CF0AEB1-7D02-4C74-895C-B4F321900E95}.Debug|Any CPU.ActiveCfg = Debug|Any CPU
		{7CF0AEB1-7D02-4C74-895C-B4F321900E95}.Debug|Any CPU.Build.0 = Debug|Any CPU
		{7CF0AEB1-7D02-4C74-895C-B4F321900E95}.Release|Any CPU.ActiveCfg = Release|Any CPU
		{7CF0AEB1-7D02-4C74-895C-B4F321900E95}.Release|Any CPU.Build.0 = Release|Any CPU
		{E385DA83-0630-4C02-A217-A2A293A7E300}.Debug|Any CPU.ActiveCfg = Debug|Any CPU
		{E385DA83-0630-4C02-A217-A2A293A7E300}.Debug|Any CPU.Build.0 = Debug|Any CPU
		{E385DA83-0630-4C02-A217-A2A293A7E300}.Release|Any CPU.ActiveCfg = Release|Any CPU
		{E385DA83-0630-4C02-A217-A2A293A7E300}.Release|Any CPU.Build.0 = Release|Any CPU
	EndGlobalSection
	GlobalSection(SolutionProperties) = preSolution
		HideSolutionNode = FALSE
	EndGlobalSection
	GlobalSection(ExtensibilityGlobals) = postSolution
		SolutionGuid = {2DF6665D-66B0-4D86-A741-D45CA99B15FE}
	EndGlobalSection
EndGlobal
